
Microsoft Visual Studio Solution File, Format Version 12.00
# Visual Studio 15
VisualStudioVersion = 15.0.27703.2000
MinimumVisualStudioVersion = 10.0.40219.1
Project("{9A19103F-16F7-4668-BE54-9A1E7A4F7556}") = "SecretKeeper", "SecretKeeper\SecretKeeper.csproj", "{7960A8DA-1D20-4C97-8A19-28897D9F47D4}"
EndProject
Project("{E53339B2-1760-4266-BCC7-CA923CBCF16C}") = "docker-compose", "docker-compose.dcproj", "{DA102E3B-4673-4E43-AE53-4A32037E5097}"
	ProjectSection(ProjectDependencies) = postProject
		{7960A8DA-1D20-4C97-8A19-28897D9F47D4} = {7960A8DA-1D20-4C97-8A19-28897D9F47D4}
	EndProjectSection
EndProject
Project("{2150E333-8FDC-42A3-9474-1A3956D46DE8}") = "Solution Items", "Solution Items", "{06D72882-03A0-445B-9E2C-6DB7587E749F}"
	ProjectSection(SolutionItems) = preProject
		README.md = README.md
	EndProjectSection
EndProject
Global
	GlobalSection(SolutionConfigurationPlatforms) = preSolution
		Debug|Any CPU = Debug|Any CPU
		Release|Any CPU = Release|Any CPU
	EndGlobalSection
	GlobalSection(ProjectConfigurationPlatforms) = postSolution
		{7960A8DA-1D20-4C97-8A19-28897D9F47D4}.Debug|Any CPU.ActiveCfg = Debug|Any CPU
		{7960A8DA-1D20-4C97-8A19-28897D9F47D4}.Debug|Any CPU.Build.0 = Debug|Any CPU
		{7960A8DA-1D20-4C97-8A19-28897D9F47D4}.Release|Any CPU.ActiveCfg = Release|Any CPU
		{7960A8DA-1D20-4C97-8A19-28897D9F47D4}.Release|Any CPU.Build.0 = Release|Any CPU
		{DA102E3B-4673-4E43-AE53-4A32037E5097}.Debug|Any CPU.ActiveCfg = Debug|Any CPU
		{DA102E3B-4673-4E43-AE53-4A32037E5097}.Debug|Any CPU.Build.0 = Debug|Any CPU
		{DA102E3B-4673-4E43-AE53-4A32037E5097}.Release|Any CPU.ActiveCfg = Release|Any CPU
		{DA102E3B-4673-4E43-AE53-4A32037E5097}.Release|Any CPU.Build.0 = Release|Any CPU
	EndGlobalSection
	GlobalSection(SolutionProperties) = preSolution
		HideSolutionNode = FALSE
	EndGlobalSection
	GlobalSection(ExtensibilityGlobals) = postSolution
		SolutionGuid = {1F0E232A-7263-4199-A2C4-575DFBF2C037}
	EndGlobalSection
EndGlobal
